
Microsoft Visual Studio Solution File, Format Version 12.00
# Visual Studio Version 17
VisualStudioVersion = 17.0.31903.59
MinimumVisualStudioVersion = 10.0.40219.1
Project("{2150E333-8FDC-42A3-9474-1A3956D46DE8}") = "src", "src", "{0054E903-A38E-47E4-8B76-AF6E770DB47B}"
EndProject
Project("{2150E333-8FDC-42A3-9474-1A3956D46DE8}") = "Solution Items", "Solution Items", "{50E34281-ACA2-42A6-A89D-6F91E63E7557}"
	ProjectSection(SolutionItems) = preProject
		.gitignore = .gitignore
	EndProjectSection
EndProject
Project("{2150E333-8FDC-42A3-9474-1A3956D46DE8}") = "tests", "tests", "{3E8182E6-D097-4C45-B140-A876BCCBCE21}"
EndProject
Project("{FAE04EC0-301F-11D3-BF4B-00C04F79EFBC}") = "Domain", "Domain\Domain.csproj", "{CE894E04-3DCC-4A41-91DE-2F7EF4863C29}"
EndProject
Project("{FAE04EC0-301F-11D3-BF4B-00C04F79EFBC}") = "Application", "Application\Application.csproj", "{2EBF5FD0-1829-475C-BAC5-33961D113022}"
EndProject
Project("{FAE04EC0-301F-11D3-BF4B-00C04F79EFBC}") = "Infrastructure", "Infrastructure\Infrastructure.csproj", "{E389A268-898A-4EA7-AF12-F5D839D10DA5}"
EndProject
Project("{FAE04EC0-301F-11D3-BF4B-00C04F79EFBC}") = "WebUI", "WebUI\WebUI.csproj", "{AC768675-82F4-441C-A36B-DA103FA35B1F}"
EndProject
Global
	GlobalSection(SolutionConfigurationPlatforms) = preSolution
		Debug|Any CPU = Debug|Any CPU
		Release|Any CPU = Release|Any CPU
	EndGlobalSection
	GlobalSection(SolutionProperties) = preSolution
		HideSolutionNode = FALSE
	EndGlobalSection
	GlobalSection(ProjectConfigurationPlatforms) = postSolution
		{CE894E04-3DCC-4A41-91DE-2F7EF4863C29}.Debug|Any CPU.ActiveCfg = Debug|Any CPU
		{CE894E04-3DCC-4A41-91DE-2F7EF4863C29}.Debug|Any CPU.Build.0 = Debug|Any CPU
		{CE894E04-3DCC-4A41-91DE-2F7EF4863C29}.Release|Any CPU.ActiveCfg = Release|Any CPU
		{CE894E04-3DCC-4A41-91DE-2F7EF4863C29}.Release|Any CPU.Build.0 = Release|Any CPU
		{2EBF5FD0-1829-475C-BAC5-33961D113022}.Debug|Any CPU.ActiveCfg = Debug|Any CPU
		{2EBF5FD0-1829-475C-BAC5-33961D113022}.Debug|Any CPU.Build.0 = Debug|Any CPU
		{2EBF5FD0-1829-475C-BAC5-33961D113022}.Release|Any CPU.ActiveCfg = Release|Any CPU
		{2EBF5FD0-1829-475C-BAC5-33961D113022}.Release|Any CPU.Build.0 = Release|Any CPU
		{E389A268-898A-4EA7-AF12-F5D839D10DA5}.Debug|Any CPU.ActiveCfg = Debug|Any CPU
		{E389A268-898A-4EA7-AF12-F5D839D10DA5}.Debug|Any CPU.Build.0 = Debug|Any CPU
		{E389A268-898A-4EA7-AF12-F5D839D10DA5}.Release|Any CPU.ActiveCfg = Release|Any CPU
		{E389A268-898A-4EA7-AF12-F5D839D10DA5}.Release|Any CPU.Build.0 = Release|Any CPU
		{AC768675-82F4-441C-A36B-DA103FA35B1F}.Debug|Any CPU.ActiveCfg = Debug|Any CPU
		{AC768675-82F4-441C-A36B-DA103FA35B1F}.Debug|Any CPU.Build.0 = Debug|Any CPU
		{AC768675-82F4-441C-A36B-DA103FA35B1F}.Release|Any CPU.ActiveCfg = Release|Any CPU
		{AC768675-82F4-441C-A36B-DA103FA35B1F}.Release|Any CPU.Build.0 = Release|Any CPU
	EndGlobalSection
	GlobalSection(NestedProjects) = preSolution
		{CE894E04-3DCC-4A41-91DE-2F7EF4863C29} = {0054E903-A38E-47E4-8B76-AF6E770DB47B}
		{2EBF5FD0-1829-475C-BAC5-33961D113022} = {0054E903-A38E-47E4-8B76-AF6E770DB47B}
		{E389A268-898A-4EA7-AF12-F5D839D10DA5} = {0054E903-A38E-47E4-8B76-AF6E770DB47B}
		{AC768675-82F4-441C-A36B-DA103FA35B1F} = {0054E903-A38E-47E4-8B76-AF6E770DB47B}
	EndGlobalSection
EndGlobal
